{
  "name": "simplex-netlify",
  "version": "1.0.0",
  "lockfileVersion": 1,
  "packageIntegrity": "sha512-PBL1r5+Cktk9d80sccI53A31zbYnBxdBI2UBnHm4wVmd/EnE/E6eF/r5H0b+d5IZ0iw+fYreIdxIZij0yoFXVg==",
  "dependencies": {
    "@types/aws-lambda": {
      "version": "8.10.33",
      "resolved": "https://registry.npm.taobao.org/@types/aws-lambda/download/@types/aws-lambda-8.10.33.tgz",
      "integrity": "sha1-ZK2PLnheXCz4bcLVlsmgsuLhSrU=",
      "dev": true
    },
    "@types/node": {
      "version": "12.7.8",
      "resolved": "https://registry.npm.taobao.org/@types/node/download/@types/node-12.7.8.tgz",
      "integrity": "sha1-yxv2gAI4iYvC/2/6VwLDyt01Bwg=",
      "dev": true
    },
    "typescript": {
      "version": "3.6.3",
      "resolved": "https://registry.npm.taobao.org/typescript/download/typescript-3.6.3.tgz?cache=0&sync_timestamp=1569564474932&other_urls=https%3A%2F%2Fregistry.npm.taobao.org%2Ftypescript%2Fdownload%2Ftypescript-3.6.3.tgz",
      "integrity": "sha1-/qlC+rsg9+HKcWT/Ym8anz9wtNo=",
      "dev": true
    }
  }
}
