{
  "name": "responses",
  "requires": true,
  "lockfileVersion": 1,
  "dependencies": {
    "@types/node": {
      "version": "12.7.8",
      "resolved": "https://registry.npm.taobao.org/@types/node/download/@types/node-12.7.8.tgz",
      "integrity": "sha1-yxv2gAI4iYvC/2/6VwLDyt01Bwg=",
      "dev": true
    },
    "typescript": {
      "version": "3.6.3",
      "resolved": "https://registry.npm.taobao.org/typescript/download/typescript-3.6.3.tgz",
      "integrity": "sha1-/qlC+rsg9+HKcWT/Ym8anz9wtNo=",
      "dev": true
    }
  }
}
